
Microsoft Visual Studio Solution File, Format Version 12.00
# Visual Studio 15
VisualStudioVersion = 15.0.27703.2026
MinimumVisualStudioVersion = 10.0.40219.1
Project("{FAE04EC0-301F-11D3-BF4B-00C04F79EFBC}") = "lqcom", "lqcom.csproj", "{4CAEDBEA-EB77-4476-9969-45FD92AC489C}"
EndProject
Global
	GlobalSection(SolutionConfigurationPlatforms) = preSolution
		Debug|Any CPU = Debug|Any CPU
		Release|Any CPU = Release|Any CPU
	EndGlobalSection
	GlobalSection(ProjectConfigurationPlatforms) = postSolution
		{4CAEDBEA-EB77-4476-9969-45FD92AC489C}.Debug|Any CPU.ActiveCfg = Debug|Any CPU
		{4CAEDBEA-EB77-4476-9969-45FD92AC489C}.Debug|Any CPU.Build.0 = Debug|Any CPU
		{4CAEDBEA-EB77-4476-9969-45FD92AC489C}.Release|Any CPU.ActiveCfg = Release|Any CPU
		{4CAEDBEA-EB77-4476-9969-45FD92AC489C}.Release|Any CPU.Build.0 = Release|Any CPU
	EndGlobalSection
	GlobalSection(SolutionProperties) = preSolution
		HideSolutionNode = FALSE
	EndGlobalSection
	GlobalSection(ExtensibilityGlobals) = postSolution
		SolutionGuid = {6E7864AA-9E1B-4DB8-9BE2-7F3DE6925341}
	EndGlobalSection
EndGlobal
